
Microsoft Visual Studio Solution File, Format Version 12.00
# Visual Studio Version 17
VisualStudioVersion = 17.10.35004.147
MinimumVisualStudioVersion = 10.0.40219.1
Project("{FAE04EC0-301F-11D3-BF4B-00C04F79EFBC}") = "NguyenThanhTung_Buoi1", "NguyenThanhTung_Buoi1\NguyenThanhTung_Buoi1.csproj", "{D9C37BA1-4262-4E86-B65C-73E023FFE5FC}"
EndProject
Global
	GlobalSection(SolutionConfigurationPlatforms) = preSolution
		Debug|Any CPU = Debug|Any CPU
		Release|Any CPU = Release|Any CPU
	EndGlobalSection
	GlobalSection(ProjectConfigurationPlatforms) = postSolution
		{D9C37BA1-4262-4E86-B65C-73E023FFE5FC}.Debug|Any CPU.ActiveCfg = Debug|Any CPU
		{D9C37BA1-4262-4E86-B65C-73E023FFE5FC}.Debug|Any CPU.Build.0 = Debug|Any CPU
		{D9C37BA1-4262-4E86-B65C-73E023FFE5FC}.Release|Any CPU.ActiveCfg = Release|Any CPU
		{D9C37BA1-4262-4E86-B65C-73E023FFE5FC}.Release|Any CPU.Build.0 = Release|Any CPU
	EndGlobalSection
	GlobalSection(SolutionProperties) = preSolution
		HideSolutionNode = FALSE
	EndGlobalSection
	GlobalSection(ExtensibilityGlobals) = postSolution
		SolutionGuid = {8F58DE59-8411-4C23-B5D4-6235F07DEAFD}
	EndGlobalSection
EndGlobal
